// !$*UTF8*$!
{
	archiveVersion = 1;
	classes = {
	};
	objectVersion = 50;
	objects = {

/* Begin PBXBuildFile section */
		275FA3152345E1DECD95A9B8 /* Pods_ShareOCDemo.framework in Frameworks */ = {isa = PBXBuildFile; fileRef = DB94724298CBA59458899445 /* Pods_ShareOCDemo.framework */; };
		9B84A20420C7F4AE00DFAD21 /* AppDelegate.m in Sources */ = {isa = PBXBuildFile; fileRef = 9B84A20320C7F4AE00DFAD21 /* AppDelegate.m */; };
		9B84A20720C7F4AE00DFAD21 /* ViewController.mm in Sources */ = {isa = PBXBuildFile; fileRef = 9B84A20620C7F4AE00DFAD21 /* ViewController.mm */; };
		9B84A20A20C7F4AE00DFAD21 /* Main.storyboard in Resources */ = {isa = PBXBuildFile; fileRef = 9B84A20820C7F4AE00DFAD21 /* Main.storyboard */; };
		9B84A20C20C7F4AF00DFAD21 /* Assets.xcassets in Resources */ = {isa = PBXBuildFile; fileRef = 9B84A20B20C7F4AF00DFAD21 /* Assets.xcassets */; };
		9B84A20F20C7F4AF00DFAD21 /* LaunchScreen.storyboard in Resources */ = {isa = PBXBuildFile; fileRef = 9B84A20D20C7F4AF00DFAD21 /* LaunchScreen.storyboard */; };
		9B84A21220C7F4AF00DFAD21 /* main.m in Sources */ = {isa = PBXBuildFile; fileRef = 9B84A21120C7F4AF00DFAD21 /* main.m */; };
		9B84A22020C7F4D200DFAD21 /* ACEFaceKit.bundle in Resources */ = {isa = PBXBuildFile; fileRef = 9B84A21C20C7F4D200DFAD21 /* ACEFaceKit.bundle */; };
		9B84A22120C7F4E300DFAD21 /* QHLoanlib.framework in Frameworks */ = {isa = PBXBuildFile; fileRef = 9B84A21920C7F4D200DFAD21 /* QHLoanlib.framework */; };
		9B84A22220C7F4E300DFAD21 /* QHLoanlib.framework in Embed Frameworks */ = {isa = PBXBuildFile; fileRef = 9B84A21920C7F4D200DFAD21 /* QHLoanlib.framework */; settings = {ATTRIBUTES = (CodeSignOnCopy, RemoveHeadersOnCopy, ); }; };
		9B84A22320C7F4E300DFAD21 /* OCFTFaceDetect.framework in Frameworks */ = {isa = PBXBuildFile; fileRef = 9B84A21A20C7F4D200DFAD21 /* OCFTFaceDetect.framework */; };
		9B84A22420C7F4E300DFAD21 /* OCFTFaceDetect.framework in Embed Frameworks */ = {isa = PBXBuildFile; fileRef = 9B84A21A20C7F4D200DFAD21 /* OCFTFaceDetect.framework */; settings = {ATTRIBUTES = (CodeSignOnCopy, RemoveHeadersOnCopy, ); }; };
		9B84A22520C7F4E300DFAD21 /* FaceRecognitionLib.framework in Frameworks */ = {isa = PBXBuildFile; fileRef = 9B84A21B20C7F4D200DFAD21 /* FaceRecognitionLib.framework */; };
		9B84A22620C7F4E300DFAD21 /* FaceRecognitionLib.framework in Embed Frameworks */ = {isa = PBXBuildFile; fileRef = 9B84A21B20C7F4D200DFAD21 /* FaceRecognitionLib.framework */; settings = {ATTRIBUTES = (CodeSignOnCopy, RemoveHeadersOnCopy, ); }; };
		9BBABE2D20E1DB5100CFFC3E /* UIWebViewVC.m in Sources */ = {isa = PBXBuildFile; fileRef = 9BBABE2C20E1DB5100CFFC3E /* UIWebViewVC.m */; };
		9BBABE3020E1DB6900CFFC3E /* WKWebViewVC.m in Sources */ = {isa = PBXBuildFile; fileRef = 9BBABE2F20E1DB6900CFFC3E /* WKWebViewVC.m */; };
		9BBABE3320E1E54A00CFFC3E /* BaseViewController.m in Sources */ = {isa = PBXBuildFile; fileRef = 9BBABE3220E1E54A00CFFC3E /* BaseViewController.m */; };
		9BBABE3520E212D300CFFC3E /* libc++.tbd in Frameworks */ = {isa = PBXBuildFile; fileRef = 9BBABE3420E212D300CFFC3E /* libc++.tbd */; };
		9BBABE3720E2171700CFFC3E /* index.html in Resources */ = {isa = PBXBuildFile; fileRef = 9BBABE3620E2171600CFFC3E /* index.html */; };
/* End PBXBuildFile section */

/* Begin PBXCopyFilesBuildPhase section */
		9B84A22720C7F4E300DFAD21 /* Embed Frameworks */ = {
			isa = PBXCopyFilesBuildPhase;
			buildActionMask = 2147483647;
			dstPath = "";
			dstSubfolderSpec = 10;
			files = (
				9B84A22420C7F4E300DFAD21 /* OCFTFaceDetect.framework in Embed Frameworks */,
				9B84A22620C7F4E300DFAD21 /* FaceRecognitionLib.framework in Embed Frameworks */,
				9B84A22220C7F4E300DFAD21 /* QHLoanlib.framework in Embed Frameworks */,
			);
			name = "Embed Frameworks";
			runOnlyForDeploymentPostprocessing = 0;
		};
/* End PBXCopyFilesBuildPhase section */

/* Begin PBXFileReference section */
		136CCCA7BC64CFB9FD12C547 /* Pods-ShareOCDemo.release.xcconfig */ = {isa = PBXFileReference; includeInIndex = 1; lastKnownFileType = text.xcconfig; name = "Pods-ShareOCDemo.release.xcconfig"; path = "Pods/Target Support Files/Pods-ShareOCDemo/Pods-ShareOCDemo.release.xcconfig"; sourceTree = "<group>"; };
		90955AD5907EEE55FBFCD7A2 /* Pods-ShareOCDemo.debug.xcconfig */ = {isa = PBXFileReference; includeInIndex = 1; lastKnownFileType = text.xcconfig; name = "Pods-ShareOCDemo.debug.xcconfig"; path = "Pods/Target Support Files/Pods-ShareOCDemo/Pods-ShareOCDemo.debug.xcconfig"; sourceTree = "<group>"; };
		9B84A1FF20C7F4AE00DFAD21 /* ShareOCDemo.app */ = {isa = PBXFileReference; explicitFileType = wrapper.application; includeInIndex = 0; path = ShareOCDemo.app; sourceTree = BUILT_PRODUCTS_DIR; };
		9B84A20220C7F4AE00DFAD21 /* AppDelegate.h */ = {isa = PBXFileReference; lastKnownFileType = sourcecode.c.h; path = AppDelegate.h; sourceTree = "<group>"; };
		9B84A20320C7F4AE00DFAD21 /* AppDelegate.m */ = {isa = PBXFileReference; lastKnownFileType = sourcecode.c.objc; path = AppDelegate.m; sourceTree = "<group>"; };
		9B84A20520C7F4AE00DFAD21 /* ViewController.h */ = {isa = PBXFileReference; lastKnownFileType = sourcecode.c.h; path = ViewController.h; sourceTree = "<group>"; };
		9B84A20620C7F4AE00DFAD21 /* ViewController.mm */ = {isa = PBXFileReference; lastKnownFileType = sourcecode.cpp.objcpp; path = ViewController.mm; sourceTree = "<group>"; };
		9B84A20920C7F4AE00DFAD21 /* Base */ = {isa = PBXFileReference; lastKnownFileType = file.storyboard; name = Base; path = Base.lproj/Main.storyboard; sourceTree = "<group>"; };
		9B84A20B20C7F4AF00DFAD21 /* Assets.xcassets */ = {isa = PBXFileReference; lastKnownFileType = folder.assetcatalog; path = Assets.xcassets; sourceTree = "<group>"; };
		9B84A20E20C7F4AF00DFAD21 /* Base */ = {isa = PBXFileReference; lastKnownFileType = file.storyboard; name = Base; path = Base.lproj/LaunchScreen.storyboard; sourceTree = "<group>"; };
		9B84A21020C7F4AF00DFAD21 /* Info.plist */ = {isa = PBXFileReference; lastKnownFileType = text.plist.xml; path = Info.plist; sourceTree = "<group>"; };
		9B84A21120C7F4AF00DFAD21 /* main.m */ = {isa = PBXFileReference; lastKnownFileType = sourcecode.c.objc; path = main.m; sourceTree = "<group>"; };
		9B84A21920C7F4D200DFAD21 /* QHLoanlib.framework */ = {isa = PBXFileReference; lastKnownFileType = wrapper.framework; path = QHLoanlib.framework; sourceTree = "<group>"; };
		9B84A21A20C7F4D200DFAD21 /* OCFTFaceDetect.framework */ = {isa = PBXFileReference; lastKnownFileType = wrapper.framework; path = OCFTFaceDetect.framework; sourceTree = "<group>"; };
		9B84A21B20C7F4D200DFAD21 /* FaceRecognitionLib.framework */ = {isa = PBXFileReference; lastKnownFileType = wrapper.framework; path = FaceRecognitionLib.framework; sourceTree = "<group>"; };
		9B84A21C20C7F4D200DFAD21 /* ACEFaceKit.bundle */ = {isa = PBXFileReference; lastKnownFileType = "wrapper.plug-in"; path = ACEFaceKit.bundle; sourceTree = "<group>"; };
		9BBABE2B20E1DB5100CFFC3E /* UIWebViewVC.h */ = {isa = PBXFileReference; lastKnownFileType = sourcecode.c.h; path = UIWebViewVC.h; sourceTree = "<group>"; };
		9BBABE2C20E1DB5100CFFC3E /* UIWebViewVC.m */ = {isa = PBXFileReference; lastKnownFileType = sourcecode.c.objc; path = UIWebViewVC.m; sourceTree = "<group>"; };
		9BBABE2E20E1DB6900CFFC3E /* WKWebViewVC.h */ = {isa = PBXFileReference; lastKnownFileType = sourcecode.c.h; path = WKWebViewVC.h; sourceTree = "<group>"; };
		9BBABE2F20E1DB6900CFFC3E /* WKWebViewVC.m */ = {isa = PBXFileReference; lastKnownFileType = sourcecode.c.objc; path = WKWebViewVC.m; sourceTree = "<group>"; };
		9BBABE3120E1E54A00CFFC3E /* BaseViewController.h */ = {isa = PBXFileReference; lastKnownFileType = sourcecode.c.h; path = BaseViewController.h; sourceTree = "<group>"; };
		9BBABE3220E1E54A00CFFC3E /* BaseViewController.m */ = {isa = PBXFileReference; lastKnownFileType = sourcecode.c.objc; path = BaseViewController.m; sourceTree = "<group>"; };
		9BBABE3420E212D300CFFC3E /* libc++.tbd */ = {isa = PBXFileReference; lastKnownFileType = "sourcecode.text-based-dylib-definition"; name = "libc++.tbd"; path = "usr/lib/libc++.tbd"; sourceTree = SDKROOT; };
		9BBABE3620E2171600CFFC3E /* index.html */ = {isa = PBXFileReference; fileEncoding = 4; lastKnownFileType = text.html; path = index.html; sourceTree = "<group>"; };
		DB94724298CBA59458899445 /* Pods_ShareOCDemo.framework */ = {isa = PBXFileReference; explicitFileType = wrapper.framework; includeInIndex = 0; path = Pods_ShareOCDemo.framework; sourceTree = BUILT_PRODUCTS_DIR; };
/* End PBXFileReference section */

/* Begin PBXFrameworksBuildPhase section */
		9B84A1FC20C7F4AE00DFAD21 /* Frameworks */ = {
			isa = PBXFrameworksBuildPhase;
			buildActionMask = 2147483647;
			files = (
				9BBABE3520E212D300CFFC3E /* libc++.tbd in Frameworks */,
				9B84A22320C7F4E300DFAD21 /* OCFTFaceDetect.framework in Frameworks */,
				9B84A22520C7F4E300DFAD21 /* FaceRecognitionLib.framework in Frameworks */,
				9B84A22120C7F4E300DFAD21 /* QHLoanlib.framework in Frameworks */,
				275FA3152345E1DECD95A9B8 /* Pods_ShareOCDemo.framework in Frameworks */,
			);
			runOnlyForDeploymentPostprocessing = 0;
		};
/* End PBXFrameworksBuildPhase section */

/* Begin PBXGroup section */
		9B84A1F620C7F4AE00DFAD21 = {
			isa = PBXGroup;
			children = (
				9B84A20120C7F4AE00DFAD21 /* ShareOCDemo */,
				9B84A20020C7F4AE00DFAD21 /* Products */,
				FF60616C6216F0D11656F85D /* Pods */,
				9EDFBA77C7FF139F3D1BD49D /* Frameworks */,
			);
			sourceTree = "<group>";
		};
		9B84A20020C7F4AE00DFAD21 /* Products */ = {
			isa = PBXGroup;
			children = (
				9B84A1FF20C7F4AE00DFAD21 /* ShareOCDemo.app */,
			);
			name = Products;
			sourceTree = "<group>";
		};
		9B84A20120C7F4AE00DFAD21 /* ShareOCDemo */ = {
			isa = PBXGroup;
			children = (
				9B84A21820C7F4D200DFAD21 /* LoanSDK */,
				9B84A20220C7F4AE00DFAD21 /* AppDelegate.h */,
				9B84A20320C7F4AE00DFAD21 /* AppDelegate.m */,
				9B84A20520C7F4AE00DFAD21 /* ViewController.h */,
				9B84A20620C7F4AE00DFAD21 /* ViewController.mm */,
				9BBABE2B20E1DB5100CFFC3E /* UIWebViewVC.h */,
				9BBABE2C20E1DB5100CFFC3E /* UIWebViewVC.m */,
				9BBABE2E20E1DB6900CFFC3E /* WKWebViewVC.h */,
				9BBABE2F20E1DB6900CFFC3E /* WKWebViewVC.m */,
				9BBABE3120E1E54A00CFFC3E /* BaseViewController.h */,
				9BBABE3220E1E54A00CFFC3E /* BaseViewController.m */,
				9B84A20820C7F4AE00DFAD21 /* Main.storyboard */,
				9BBABE3620E2171600CFFC3E /* index.html */,
				9B84A20B20C7F4AF00DFAD21 /* Assets.xcassets */,
				9B84A20D20C7F4AF00DFAD21 /* LaunchScreen.storyboard */,
				9B84A21020C7F4AF00DFAD21 /* Info.plist */,
				9B84A21120C7F4AF00DFAD21 /* main.m */,
			);
			path = ShareOCDemo;
			sourceTree = "<group>";
		};
		9B84A21820C7F4D200DFAD21 /* LoanSDK */ = {
			isa = PBXGroup;
			children = (
				9B84A21920C7F4D200DFAD21 /* QHLoanlib.framework */,
				9B84A21A20C7F4D200DFAD21 /* OCFTFaceDetect.framework */,
				9B84A21B20C7F4D200DFAD21 /* FaceRecognitionLib.framework */,
				9B84A21C20C7F4D200DFAD21 /* ACEFaceKit.bundle */,
			);
			path = LoanSDK;
			sourceTree = "<group>";
		};
		9EDFBA77C7FF139F3D1BD49D /* Frameworks */ = {
			isa = PBXGroup;
			children = (
				9BBABE3420E212D300CFFC3E /* libc++.tbd */,
				DB94724298CBA59458899445 /* Pods_ShareOCDemo.framework */,
			);
			name = Frameworks;
			sourceTree = "<group>";
		};
		FF60616C6216F0D11656F85D /* Pods */ = {
			isa = PBXGroup;
			children = (
				90955AD5907EEE55FBFCD7A2 /* Pods-ShareOCDemo.debug.xcconfig */,
				136CCCA7BC64CFB9FD12C547 /* Pods-ShareOCDemo.release.xcconfig */,
			);
			name = Pods;
			sourceTree = "<group>";
		};
/* End PBXGroup section */

/* Begin PBXNativeTarget section */
		9B84A1FE20C7F4AE00DFAD21 /* ShareOCDemo */ = {
			isa = PBXNativeTarget;
			buildConfigurationList = 9B84A21520C7F4AF00DFAD21 /* Build configuration list for PBXNativeTarget "ShareOCDemo" */;
			buildPhases = (
				F14037645F1FE1660F3A3920 /* [CP] Check Pods Manifest.lock */,
				9B84A1FB20C7F4AE00DFAD21 /* Sources */,
				9B84A1FC20C7F4AE00DFAD21 /* Frameworks */,
				9B84A1FD20C7F4AE00DFAD21 /* Resources */,
				9B84A22720C7F4E300DFAD21 /* Embed Frameworks */,
				1AD789CB62D8F27AB6F02B64 /* [CP] Copy Pods Resources */,
				6735C6B0F8F3EFFFD8C94C50 /* [CP] Embed Pods Frameworks */,
			);
			buildRules = (
			);
			dependencies = (
			);
			name = ShareOCDemo;
			productName = ShareOCDemo;
			productReference = 9B84A1FF20C7F4AE00DFAD21 /* ShareOCDemo.app */;
			productType = "com.apple.product-type.application";
		};
/* End PBXNativeTarget section */

/* Begin PBXProject section */
		9B84A1F720C7F4AE00DFAD21 /* Project object */ = {
			isa = PBXProject;
			attributes = {
				LastUpgradeCheck = 0930;
				ORGANIZATIONNAME = Miaoz;
				TargetAttributes = {
					9B84A1FE20C7F4AE00DFAD21 = {
						CreatedOnToolsVersion = 9.3;
					};
				};
			};
			buildConfigurationList = 9B84A1FA20C7F4AE00DFAD21 /* Build configuration list for PBXProject "ShareOCDemo" */;
			compatibilityVersion = "Xcode 9.3";
			developmentRegion = en;
			hasScannedForEncodings = 0;
			knownRegions = (
				en,
				Base,
			);
			mainGroup = 9B84A1F620C7F4AE00DFAD21;
			productRefGroup = 9B84A20020C7F4AE00DFAD21 /* Products */;
			projectDirPath = "";
			projectRoot = "";
			targets = (
				9B84A1FE20C7F4AE00DFAD21 /* ShareOCDemo */,
			);
		};
/* End PBXProject section */

/* Begin PBXResourcesBuildPhase section */
		9B84A1FD20C7F4AE00DFAD21 /* Resources */ = {
			isa = PBXResourcesBuildPhase;
			buildActionMask = 2147483647;
			files = (
				9BBABE3720E2171700CFFC3E /* index.html in Resources */,
				9B84A20F20C7F4AF00DFAD21 /* LaunchScreen.storyboard in Resources */,
				9B84A22020C7F4D200DFAD21 /* ACEFaceKit.bundle in Resources */,
				9B84A20C20C7F4AF00DFAD21 /* Assets.xcassets in Resources */,
				9B84A20A20C7F4AE00DFAD21 /* Main.storyboard in Resources */,
			);
			runOnlyForDeploymentPostprocessing = 0;
		};
/* End PBXResourcesBuildPhase section */

/* Begin PBXShellScriptBuildPhase section */
		1AD789CB62D8F27AB6F02B64 /* [CP] Copy Pods Resources */ = {
			isa = PBXShellScriptBuildPhase;
			buildActionMask = 2147483647;
			files = (
			);
			inputPaths = (
				"${SRCROOT}/Pods/Target Support Files/Pods-ShareOCDemo/Pods-ShareOCDemo-resources.sh",
				"${PODS_ROOT}/UMCShare/UMShare/UMSocialUI/UMSocialSDKResources.bundle",
			);
			name = "[CP] Copy Pods Resources";
			outputPaths = (
				"${TARGET_BUILD_DIR}/${UNLOCALIZED_RESOURCES_FOLDER_PATH}/UMSocialSDKResources.bundle",
			);
			runOnlyForDeploymentPostprocessing = 0;
			shellPath = /bin/sh;
			shellScript = "\"${SRCROOT}/Pods/Target Support Files/Pods-ShareOCDemo/Pods-ShareOCDemo-resources.sh\"\n";
			showEnvVarsInLog = 0;
		};
		6735C6B0F8F3EFFFD8C94C50 /* [CP] Embed Pods Frameworks */ = {
			isa = PBXShellScriptBuildPhase;
			buildActionMask = 2147483647;
			files = (
			);
			inputPaths = (
			);
			name = "[CP] Embed Pods Frameworks";
			outputPaths = (
			);
			runOnlyForDeploymentPostprocessing = 0;
			shellPath = /bin/sh;
			shellScript = "\"${SRCROOT}/Pods/Target Support Files/Pods-ShareOCDemo/Pods-ShareOCDemo-frameworks.sh\"\n";
			showEnvVarsInLog = 0;
		};
		F14037645F1FE1660F3A3920 /* [CP] Check Pods Manifest.lock */ = {
			isa = PBXShellScriptBuildPhase;
			buildActionMask = 2147483647;
			files = (
			);
			inputPaths = (
				"${PODS_PODFILE_DIR_PATH}/Podfile.lock",
				"${PODS_ROOT}/Manifest.lock",
			);
			name = "[CP] Check Pods Manifest.lock";
			outputPaths = (
				"$(DERIVED_FILE_DIR)/Pods-ShareOCDemo-checkManifestLockResult.txt",
			);
			runOnlyForDeploymentPostprocessing = 0;
			shellPath = /bin/sh;
			shellScript = "diff \"${PODS_PODFILE_DIR_PATH}/Podfile.lock\" \"${PODS_ROOT}/Manifest.lock\" > /dev/null\nif [ $? != 0 ] ; then\n    # print error to STDERR\n    echo \"error: The sandbox is not in sync with the Podfile.lock. Run 'pod install' or update your CocoaPods installation.\" >&2\n    exit 1\nfi\n# This output is used by Xcode 'outputs' to avoid re-running this script phase.\necho \"SUCCESS\" > \"${SCRIPT_OUTPUT_FILE_0}\"\n";
			showEnvVarsInLog = 0;
		};
/* End PBXShellScriptBuildPhase section */

/* Begin PBXSourcesBuildPhase section */
		9B84A1FB20C7F4AE00DFAD21 /* Sources */ = {
			isa = PBXSourcesBuildPhase;
			buildActionMask = 2147483647;
			files = (
				9BBABE2D20E1DB5100CFFC3E /* UIWebViewVC.m in Sources */,
				9BBABE3320E1E54A00CFFC3E /* BaseViewController.m in Sources */,
				9B84A20720C7F4AE00DFAD21 /* ViewController.mm in Sources */,
				9B84A21220C7F4AF00DFAD21 /* main.m in Sources */,
				9BBABE3020E1DB6900CFFC3E /* WKWebViewVC.m in Sources */,
				9B84A20420C7F4AE00DFAD21 /* AppDelegate.m in Sources */,
			);
			runOnlyForDeploymentPostprocessing = 0;
		};
/* End PBXSourcesBuildPhase section */

/* Begin PBXVariantGroup section */
		9B84A20820C7F4AE00DFAD21 /* Main.storyboard */ = {
			isa = PBXVariantGroup;
			children = (
				9B84A20920C7F4AE00DFAD21 /* Base */,
			);
			name = Main.storyboard;
			sourceTree = "<group>";
		};
		9B84A20D20C7F4AF00DFAD21 /* LaunchScreen.storyboard */ = {
			isa = PBXVariantGroup;
			children = (
				9B84A20E20C7F4AF00DFAD21 /* Base */,
			);
			name = LaunchScreen.storyboard;
			sourceTree = "<group>";
		};
/* End PBXVariantGroup section */

/* Begin XCBuildConfiguration section */
		9B84A21320C7F4AF00DFAD21 /* Debug */ = {
			isa = XCBuildConfiguration;
			buildSettings = {
				ALWAYS_SEARCH_USER_PATHS = NO;
				CLANG_ANALYZER_NONNULL = YES;
				CLANG_ANALYZER_NUMBER_OBJECT_CONVERSION = YES_AGGRESSIVE;
				CLANG_CXX_LANGUAGE_STANDARD = "gnu++14";
				CLANG_CXX_LIBRARY = "libc++";
				CLANG_ENABLE_MODULES = YES;
				CLANG_ENABLE_OBJC_ARC = YES;
				CLANG_ENABLE_OBJC_WEAK = YES;
				CLANG_WARN_BLOCK_CAPTURE_AUTORELEASING = YES;
				CLANG_WARN_BOOL_CONVERSION = YES;
				CLANG_WARN_COMMA = YES;
				CLANG_WARN_CONSTANT_CONVERSION = YES;
				CLANG_WARN_DEPRECATED_OBJC_IMPLEMENTATIONS = YES;
				CLANG_WARN_DIRECT_OBJC_ISA_USAGE = YES_ERROR;
				CLANG_WARN_DOCUMENTATION_COMMENTS = YES;
				CLANG_WARN_EMPTY_BODY = YES;
				CLANG_WARN_ENUM_CONVERSION = YES;
				CLANG_WARN_INFINITE_RECURSION = YES;
				CLANG_WARN_INT_CONVERSION = YES;
				CLANG_WARN_NON_LITERAL_NULL_CONVERSION = YES;
				CLANG_WARN_OBJC_IMPLICIT_RETAIN_SELF = YES;
				CLANG_WARN_OBJC_LITERAL_CONVERSION = YES;
				CLANG_WARN_OBJC_ROOT_CLASS = YES_ERROR;
				CLANG_WARN_RANGE_LOOP_ANALYSIS = YES;
				CLANG_WARN_STRICT_PROTOTYPES = YES;
				CLANG_WARN_SUSPICIOUS_MOVE = YES;
				CLANG_WARN_UNGUARDED_AVAILABILITY = YES_AGGRESSIVE;
				CLANG_WARN_UNREACHABLE_CODE = YES;
				CLANG_WARN__DUPLICATE_METHOD_MATCH = YES;
				CODE_SIGN_IDENTITY = "iPhone Developer";
				COPY_PHASE_STRIP = NO;
				DEBUG_INFORMATION_FORMAT = dwarf;
				ENABLE_STRICT_OBJC_MSGSEND = YES;
				ENABLE_TESTABILITY = YES;
				GCC_C_LANGUAGE_STANDARD = gnu11;
				GCC_DYNAMIC_NO_PIC = NO;
				GCC_NO_COMMON_BLOCKS = YES;
				GCC_OPTIMIZATION_LEVEL = 0;
				GCC_PREPROCESSOR_DEFINITIONS = (
					"DEBUG=1",
					"$(inherited)",
				);
				GCC_WARN_64_TO_32_BIT_CONVERSION = YES;
				GCC_WARN_ABOUT_RETURN_TYPE = YES_ERROR;
				GCC_WARN_UNDECLARED_SELECTOR = YES;
				GCC_WARN_UNINITIALIZED_AUTOS = YES_AGGRESSIVE;
				GCC_WARN_UNUSED_FUNCTION = YES;
				GCC_WARN_UNUSED_VARIABLE = YES;
				IPHONEOS_DEPLOYMENT_TARGET = 11.3;
				MTL_ENABLE_DEBUG_INFO = YES;
				ONLY_ACTIVE_ARCH = YES;
				SDKROOT = iphoneos;
			};
			name = Debug;
		};
		9B84A21420C7F4AF00DFAD21 /* Release */ = {
			isa = XCBuildConfiguration;
			buildSettings = {
				ALWAYS_SEARCH_USER_PATHS = NO;
				CLANG_ANALYZER_NONNULL = YES;
				CLANG_ANALYZER_NUMBER_OBJECT_CONVERSION = YES_AGGRESSIVE;
				CLANG_CXX_LANGUAGE_STANDARD = "gnu++14";
				CLANG_CXX_LIBRARY = "libc++";
				CLANG_ENABLE_MODULES = YES;
				CLANG_ENABLE_OBJC_ARC = YES;
				CLANG_ENABLE_OBJC_WEAK = YES;
				CLANG_WARN_BLOCK_CAPTURE_AUTORELEASING = YES;
				CLANG_WARN_BOOL_CONVERSION = YES;
				CLANG_WARN_COMMA = YES;
				CLANG_WARN_CONSTANT_CONVERSION = YES;
				CLANG_WARN_DEPRECATED_OBJC_IMPLEMENTATIONS = YES;
				CLANG_WARN_DIRECT_OBJC_ISA_USAGE = YES_ERROR;
				CLANG_WARN_DOCUMENTATION_COMMENTS = YES;
				CLANG_WARN_EMPTY_BODY = YES;
				CLANG_WARN_ENUM_CONVERSION = YES;
				CLANG_WARN_INFINITE_RECURSION = YES;
				CLANG_WARN_INT_CONVERSION = YES;
				CLANG_WARN_NON_LITERAL_NULL_CONVERSION = YES;
				CLANG_WARN_OBJC_IMPLICIT_RETAIN_SELF = YES;
				CLANG_WARN_OBJC_LITERAL_CONVERSION = YES;
				CLANG_WARN_OBJC_ROOT_CLASS = YES_ERROR;
				CLANG_WARN_RANGE_LOOP_ANALYSIS = YES;
				CLANG_WARN_STRICT_PROTOTYPES = YES;
				CLANG_WARN_SUSPICIOUS_MOVE = YES;
				CLANG_WARN_UNGUARDED_AVAILABILITY = YES_AGGRESSIVE;
				CLANG_WARN_UNREACHABLE_CODE = YES;
				CLANG_WARN__DUPLICATE_METHOD_MATCH = YES;
				CODE_SIGN_IDENTITY = "iPhone Developer";
				COPY_PHASE_STRIP = NO;
				DEBUG_INFORMATION_FORMAT = "dwarf-with-dsym";
				ENABLE_NS_ASSERTIONS = NO;
				ENABLE_STRICT_OBJC_MSGSEND = YES;
				GCC_C_LANGUAGE_STANDARD = gnu11;
				GCC_NO_COMMON_BLOCKS = YES;
				GCC_WARN_64_TO_32_BIT_CONVERSION = YES;
				GCC_WARN_ABOUT_RETURN_TYPE = YES_ERROR;
				GCC_WARN_UNDECLARED_SELECTOR = YES;
				GCC_WARN_UNINITIALIZED_AUTOS = YES_AGGRESSIVE;
				GCC_WARN_UNUSED_FUNCTION = YES;
				GCC_WARN_UNUSED_VARIABLE = YES;
				IPHONEOS_DEPLOYMENT_TARGET = 11.3;
				MTL_ENABLE_DEBUG_INFO = NO;
				SDKROOT = iphoneos;
				VALIDATE_PRODUCT = YES;
			};
			name = Release;
		};
		9B84A21620C7F4AF00DFAD21 /* Debug */ = {
			isa = XCBuildConfiguration;
			baseConfigurationReference = 90955AD5907EEE55FBFCD7A2 /* Pods-ShareOCDemo.debug.xcconfig */;
			buildSettings = {
				ASSETCATALOG_COMPILER_APPICON_NAME = AppIcon;
				CODE_SIGN_IDENTITY = "iPhone Developer: huang shiguang (P4M8L4H7K2)";
				CODE_SIGN_STYLE = Manual;
				DEVELOPMENT_TEAM = 5P7EY8HPBE;
				ENABLE_BITCODE = NO;
				FRAMEWORK_SEARCH_PATHS = (
					"$(inherited)",
					"$(PROJECT_DIR)/ShareOCDemo/LoanSDK",
				);
				INFOPLIST_FILE = ShareOCDemo/Info.plist;
				IPHONEOS_DEPLOYMENT_TARGET = 9.0;
				LD_RUNPATH_SEARCH_PATHS = "$(inherited) @executable_path/Frameworks";
				PRODUCT_BUNDLE_IDENTIFIER = com.ylb.YLBEnterprisePublic;
				PRODUCT_NAME = "$(TARGET_NAME)";
				PROVISIONING_PROFILE = "e931a562-b634-4a4f-a474-69d5d98e04ea";
				PROVISIONING_PROFILE_SPECIFIER = YLBEnterprisePublicDev;
				TARGETED_DEVICE_FAMILY = "1,2";
			};
			name = Debug;
		};
		9B84A21720C7F4AF00DFAD21 /* Release */ = {
			isa = XCBuildConfiguration;
			baseConfigurationReference = 136CCCA7BC64CFB9FD12C547 /* Pods-ShareOCDemo.release.xcconfig */;
			buildSettings = {
				ASSETCATALOG_COMPILER_APPICON_NAME = AppIcon;
				CODE_SIGN_IDENTITY = "iPhone Developer: huang shiguang (P4M8L4H7K2)";
				CODE_SIGN_STYLE = Manual;
				DEVELOPMENT_TEAM = 5P7EY8HPBE;
				ENABLE_BITCODE = NO;
				FRAMEWORK_SEARCH_PATHS = (
					"$(inherited)",
					"$(PROJECT_DIR)/ShareOCDemo/LoanSDK",
				);
				INFOPLIST_FILE = ShareOCDemo/Info.plist;
				IPHONEOS_DEPLOYMENT_TARGET = 9.0;
				LD_RUNPATH_SEARCH_PATHS = "$(inherited) @executable_path/Frameworks";
				PRODUCT_BUNDLE_IDENTIFIER = com.ylb.YLBEnterprisePublic;
				PRODUCT_NAME = "$(TARGET_NAME)";
				PROVISIONING_PROFILE = "eb5ad6d0-c096-421a-b632-9d22b64566e2";
				PROVISIONING_PROFILE_SPECIFIER = devPersonalCenter;
				TARGETED_DEVICE_FAMILY = "1,2";
			};
			name = Release;
		};
/* End XCBuildConfiguration section */

/* Begin XCConfigurationList section */
		9B84A1FA20C7F4AE00DFAD21 /* Build configuration list for PBXProject "ShareOCDemo" */ = {
			isa = XCConfigurationList;
			buildConfigurations = (
				9B84A21320C7F4AF00DFAD21 /* Debug */,
				9B84A21420C7F4AF00DFAD21 /* Release */,
			);
			defaultConfigurationIsVisible = 0;
			defaultConfigurationName = Release;
		};
		9B84A21520C7F4AF00DFAD21 /* Build configuration list for PBXNativeTarget "ShareOCDemo" */ = {
			isa = XCConfigurationList;
			buildConfigurations = (
				9B84A21620C7F4AF00DFAD21 /* Debug */,
				9B84A21720C7F4AF00DFAD21 /* Release */,
			);
			defaultConfigurationIsVisible = 0;
			defaultConfigurationName = Release;
		};
/* End XCConfigurationList section */
	};
	rootObject = 9B84A1F720C7F4AE00DFAD21 /* Project object */;
}
