// !$*UTF8*$!
{
	archiveVersion = 1;
	classes = {
	};
	objectVersion = 50;
	objects = {

/* Begin PBXBuildFile section */
		79C75D5EF3A690489AE9DF5E /* Pods_ShareDemo.framework in Frameworks */ = {isa = PBXBuildFile; fileRef = 2837F4CBB641D9E6A94543E5 /* Pods_ShareDemo.framework */; };
		9B3F3D2920C7CFD7003DB008 /* AppDelegate.swift in Sources */ = {isa = PBXBuildFile; fileRef = 9B3F3D2820C7CFD7003DB008 /* AppDelegate.swift */; };
		9B3F3D2B20C7CFD7003DB008 /* ViewController.swift in Sources */ = {isa = PBXBuildFile; fileRef = 9B3F3D2A20C7CFD7003DB008 /* ViewController.swift */; };
		9B3F3D2E20C7CFD7003DB008 /* Main.storyboard in Resources */ = {isa = PBXBuildFile; fileRef = 9B3F3D2C20C7CFD7003DB008 /* Main.storyboard */; };
		9B3F3D3020C7CFD8003DB008 /* Assets.xcassets in Resources */ = {isa = PBXBuildFile; fileRef = 9B3F3D2F20C7CFD8003DB008 /* Assets.xcassets */; };
		9B3F3D3320C7CFD8003DB008 /* LaunchScreen.storyboard in Resources */ = {isa = PBXBuildFile; fileRef = 9B3F3D3120C7CFD8003DB008 /* LaunchScreen.storyboard */; };
		9B3F3D4220C7D12F003DB008 /* ACEFaceKit.bundle in Resources */ = {isa = PBXBuildFile; fileRef = 9B3F3D3E20C7D12F003DB008 /* ACEFaceKit.bundle */; };
		9B3F3D4320C7D142003DB008 /* QHLoanlib.framework in Frameworks */ = {isa = PBXBuildFile; fileRef = 9B3F3D3B20C7D12F003DB008 /* QHLoanlib.framework */; };
		9B3F3D4420C7D142003DB008 /* QHLoanlib.framework in Embed Frameworks */ = {isa = PBXBuildFile; fileRef = 9B3F3D3B20C7D12F003DB008 /* QHLoanlib.framework */; settings = {ATTRIBUTES = (CodeSignOnCopy, RemoveHeadersOnCopy, ); }; };
		9B3F3D4520C7D142003DB008 /* OCFTFaceDetect.framework in Frameworks */ = {isa = PBXBuildFile; fileRef = 9B3F3D3C20C7D12F003DB008 /* OCFTFaceDetect.framework */; };
		9B3F3D4620C7D142003DB008 /* OCFTFaceDetect.framework in Embed Frameworks */ = {isa = PBXBuildFile; fileRef = 9B3F3D3C20C7D12F003DB008 /* OCFTFaceDetect.framework */; settings = {ATTRIBUTES = (CodeSignOnCopy, RemoveHeadersOnCopy, ); }; };
		9B3F3D4720C7D142003DB008 /* FaceRecognitionLib.framework in Frameworks */ = {isa = PBXBuildFile; fileRef = 9B3F3D3D20C7D12F003DB008 /* FaceRecognitionLib.framework */; };
		9B3F3D4820C7D142003DB008 /* FaceRecognitionLib.framework in Embed Frameworks */ = {isa = PBXBuildFile; fileRef = 9B3F3D3D20C7D12F003DB008 /* FaceRecognitionLib.framework */; settings = {ATTRIBUTES = (CodeSignOnCopy, RemoveHeadersOnCopy, ); }; };
		9B3F3D4E20C7E369003DB008 /* YLBShareInterface.swift in Sources */ = {isa = PBXBuildFile; fileRef = 9B3F3D4C20C7E368003DB008 /* YLBShareInterface.swift */; };
		9B3F3D4F20C7E369003DB008 /* YLBShareManager.swift in Sources */ = {isa = PBXBuildFile; fileRef = 9B3F3D4D20C7E368003DB008 /* YLBShareManager.swift */; };
/* End PBXBuildFile section */

/* Begin PBXCopyFilesBuildPhase section */
		9B3F3D4920C7D142003DB008 /* Embed Frameworks */ = {
			isa = PBXCopyFilesBuildPhase;
			buildActionMask = 2147483647;
			dstPath = "";
			dstSubfolderSpec = 10;
			files = (
				9B3F3D4620C7D142003DB008 /* OCFTFaceDetect.framework in Embed Frameworks */,
				9B3F3D4820C7D142003DB008 /* FaceRecognitionLib.framework in Embed Frameworks */,
				9B3F3D4420C7D142003DB008 /* QHLoanlib.framework in Embed Frameworks */,
			);
			name = "Embed Frameworks";
			runOnlyForDeploymentPostprocessing = 0;
		};
/* End PBXCopyFilesBuildPhase section */

/* Begin PBXFileReference section */
		2837F4CBB641D9E6A94543E5 /* Pods_ShareDemo.framework */ = {isa = PBXFileReference; explicitFileType = wrapper.framework; includeInIndex = 0; path = Pods_ShareDemo.framework; sourceTree = BUILT_PRODUCTS_DIR; };
		75C8976B5508325C04FDC97F /* Pods-ShareDemo.release.xcconfig */ = {isa = PBXFileReference; includeInIndex = 1; lastKnownFileType = text.xcconfig; name = "Pods-ShareDemo.release.xcconfig"; path = "Pods/Target Support Files/Pods-ShareDemo/Pods-ShareDemo.release.xcconfig"; sourceTree = "<group>"; };
		9B3F3D2520C7CFD7003DB008 /* ShareDemo.app */ = {isa = PBXFileReference; explicitFileType = wrapper.application; includeInIndex = 0; path = ShareDemo.app; sourceTree = BUILT_PRODUCTS_DIR; };
		9B3F3D2820C7CFD7003DB008 /* AppDelegate.swift */ = {isa = PBXFileReference; lastKnownFileType = sourcecode.swift; path = AppDelegate.swift; sourceTree = "<group>"; };
		9B3F3D2A20C7CFD7003DB008 /* ViewController.swift */ = {isa = PBXFileReference; lastKnownFileType = sourcecode.swift; path = ViewController.swift; sourceTree = "<group>"; };
		9B3F3D2D20C7CFD7003DB008 /* Base */ = {isa = PBXFileReference; lastKnownFileType = file.storyboard; name = Base; path = Base.lproj/Main.storyboard; sourceTree = "<group>"; };
		9B3F3D2F20C7CFD8003DB008 /* Assets.xcassets */ = {isa = PBXFileReference; lastKnownFileType = folder.assetcatalog; path = Assets.xcassets; sourceTree = "<group>"; };
		9B3F3D3220C7CFD8003DB008 /* Base */ = {isa = PBXFileReference; lastKnownFileType = file.storyboard; name = Base; path = Base.lproj/LaunchScreen.storyboard; sourceTree = "<group>"; };
		9B3F3D3420C7CFD8003DB008 /* Info.plist */ = {isa = PBXFileReference; lastKnownFileType = text.plist.xml; path = Info.plist; sourceTree = "<group>"; };
		9B3F3D3B20C7D12F003DB008 /* QHLoanlib.framework */ = {isa = PBXFileReference; lastKnownFileType = wrapper.framework; path = QHLoanlib.framework; sourceTree = "<group>"; };
		9B3F3D3C20C7D12F003DB008 /* OCFTFaceDetect.framework */ = {isa = PBXFileReference; lastKnownFileType = wrapper.framework; path = OCFTFaceDetect.framework; sourceTree = "<group>"; };
		9B3F3D3D20C7D12F003DB008 /* FaceRecognitionLib.framework */ = {isa = PBXFileReference; lastKnownFileType = wrapper.framework; path = FaceRecognitionLib.framework; sourceTree = "<group>"; };
		9B3F3D3E20C7D12F003DB008 /* ACEFaceKit.bundle */ = {isa = PBXFileReference; lastKnownFileType = "wrapper.plug-in"; path = ACEFaceKit.bundle; sourceTree = "<group>"; };
		9B3F3D4A20C7D4C6003DB008 /* ShareDemo-Bridging-Header.h */ = {isa = PBXFileReference; fileEncoding = 4; lastKnownFileType = sourcecode.c.h; path = "ShareDemo-Bridging-Header.h"; sourceTree = "<group>"; };
		9B3F3D4C20C7E368003DB008 /* YLBShareInterface.swift */ = {isa = PBXFileReference; fileEncoding = 4; lastKnownFileType = sourcecode.swift; path = YLBShareInterface.swift; sourceTree = "<group>"; };
		9B3F3D4D20C7E368003DB008 /* YLBShareManager.swift */ = {isa = PBXFileReference; fileEncoding = 4; lastKnownFileType = sourcecode.swift; path = YLBShareManager.swift; sourceTree = "<group>"; };
		BBB1FE74577A775C9A8C2D74 /* Pods-ShareDemo.debug.xcconfig */ = {isa = PBXFileReference; includeInIndex = 1; lastKnownFileType = text.xcconfig; name = "Pods-ShareDemo.debug.xcconfig"; path = "Pods/Target Support Files/Pods-ShareDemo/Pods-ShareDemo.debug.xcconfig"; sourceTree = "<group>"; };
/* End PBXFileReference section */

/* Begin PBXFrameworksBuildPhase section */
		9B3F3D2220C7CFD7003DB008 /* Frameworks */ = {
			isa = PBXFrameworksBuildPhase;
			buildActionMask = 2147483647;
			files = (
				9B3F3D4520C7D142003DB008 /* OCFTFaceDetect.framework in Frameworks */,
				9B3F3D4720C7D142003DB008 /* FaceRecognitionLib.framework in Frameworks */,
				9B3F3D4320C7D142003DB008 /* QHLoanlib.framework in Frameworks */,
				79C75D5EF3A690489AE9DF5E /* Pods_ShareDemo.framework in Frameworks */,
			);
			runOnlyForDeploymentPostprocessing = 0;
		};
/* End PBXFrameworksBuildPhase section */

/* Begin PBXGroup section */
		9B3F3D1C20C7CFD7003DB008 = {
			isa = PBXGroup;
			children = (
				9B3F3D2720C7CFD7003DB008 /* ShareDemo */,
				9B3F3D2620C7CFD7003DB008 /* Products */,
				C186FCDCBE98A3531EA5F8BE /* Pods */,
				D37C840B831910B61046C554 /* Frameworks */,
			);
			sourceTree = "<group>";
		};
		9B3F3D2620C7CFD7003DB008 /* Products */ = {
			isa = PBXGroup;
			children = (
				9B3F3D2520C7CFD7003DB008 /* ShareDemo.app */,
			);
			name = Products;
			sourceTree = "<group>";
		};
		9B3F3D2720C7CFD7003DB008 /* ShareDemo */ = {
			isa = PBXGroup;
			children = (
				9B3F3D4B20C7E368003DB008 /* Share */,
				9B3F3D3A20C7D12F003DB008 /* LoanSDK */,
				9B3F3D2820C7CFD7003DB008 /* AppDelegate.swift */,
				9B3F3D2A20C7CFD7003DB008 /* ViewController.swift */,
				9B3F3D2C20C7CFD7003DB008 /* Main.storyboard */,
				9B3F3D4A20C7D4C6003DB008 /* ShareDemo-Bridging-Header.h */,
				9B3F3D2F20C7CFD8003DB008 /* Assets.xcassets */,
				9B3F3D3120C7CFD8003DB008 /* LaunchScreen.storyboard */,
				9B3F3D3420C7CFD8003DB008 /* Info.plist */,
			);
			path = ShareDemo;
			sourceTree = "<group>";
		};
		9B3F3D3A20C7D12F003DB008 /* LoanSDK */ = {
			isa = PBXGroup;
			children = (
				9B3F3D3B20C7D12F003DB008 /* QHLoanlib.framework */,
				9B3F3D3C20C7D12F003DB008 /* OCFTFaceDetect.framework */,
				9B3F3D3D20C7D12F003DB008 /* FaceRecognitionLib.framework */,
				9B3F3D3E20C7D12F003DB008 /* ACEFaceKit.bundle */,
			);
			path = LoanSDK;
			sourceTree = "<group>";
		};
		9B3F3D4B20C7E368003DB008 /* Share */ = {
			isa = PBXGroup;
			children = (
				9B3F3D4C20C7E368003DB008 /* YLBShareInterface.swift */,
				9B3F3D4D20C7E368003DB008 /* YLBShareManager.swift */,
			);
			path = Share;
			sourceTree = "<group>";
		};
		C186FCDCBE98A3531EA5F8BE /* Pods */ = {
			isa = PBXGroup;
			children = (
				BBB1FE74577A775C9A8C2D74 /* Pods-ShareDemo.debug.xcconfig */,
				75C8976B5508325C04FDC97F /* Pods-ShareDemo.release.xcconfig */,
			);
			name = Pods;
			sourceTree = "<group>";
		};
		D37C840B831910B61046C554 /* Frameworks */ = {
			isa = PBXGroup;
			children = (
				2837F4CBB641D9E6A94543E5 /* Pods_ShareDemo.framework */,
			);
			name = Frameworks;
			sourceTree = "<group>";
		};
/* End PBXGroup section */

/* Begin PBXNativeTarget section */
		9B3F3D2420C7CFD7003DB008 /* ShareDemo */ = {
			isa = PBXNativeTarget;
			buildConfigurationList = 9B3F3D3720C7CFD8003DB008 /* Build configuration list for PBXNativeTarget "ShareDemo" */;
			buildPhases = (
				8CEA266C615B2EB04E051721 /* [CP] Check Pods Manifest.lock */,
				9B3F3D2120C7CFD7003DB008 /* Sources */,
				9B3F3D2220C7CFD7003DB008 /* Frameworks */,
				9B3F3D2320C7CFD7003DB008 /* Resources */,
				9B3F3D4920C7D142003DB008 /* Embed Frameworks */,
			);
			buildRules = (
			);
			dependencies = (
			);
			name = ShareDemo;
			productName = ShareDemo;
			productReference = 9B3F3D2520C7CFD7003DB008 /* ShareDemo.app */;
			productType = "com.apple.product-type.application";
		};
/* End PBXNativeTarget section */

/* Begin PBXProject section */
		9B3F3D1D20C7CFD7003DB008 /* Project object */ = {
			isa = PBXProject;
			attributes = {
				LastSwiftUpdateCheck = 0930;
				LastUpgradeCheck = 0930;
				ORGANIZATIONNAME = Miaoz;
				TargetAttributes = {
					9B3F3D2420C7CFD7003DB008 = {
						CreatedOnToolsVersion = 9.3;
					};
				};
			};
			buildConfigurationList = 9B3F3D2020C7CFD7003DB008 /* Build configuration list for PBXProject "ShareDemo" */;
			compatibilityVersion = "Xcode 9.3";
			developmentRegion = en;
			hasScannedForEncodings = 0;
			knownRegions = (
				en,
				Base,
			);
			mainGroup = 9B3F3D1C20C7CFD7003DB008;
			productRefGroup = 9B3F3D2620C7CFD7003DB008 /* Products */;
			projectDirPath = "";
			projectRoot = "";
			targets = (
				9B3F3D2420C7CFD7003DB008 /* ShareDemo */,
			);
		};
/* End PBXProject section */

/* Begin PBXResourcesBuildPhase section */
		9B3F3D2320C7CFD7003DB008 /* Resources */ = {
			isa = PBXResourcesBuildPhase;
			buildActionMask = 2147483647;
			files = (
				9B3F3D3320C7CFD8003DB008 /* LaunchScreen.storyboard in Resources */,
				9B3F3D4220C7D12F003DB008 /* ACEFaceKit.bundle in Resources */,
				9B3F3D3020C7CFD8003DB008 /* Assets.xcassets in Resources */,
				9B3F3D2E20C7CFD7003DB008 /* Main.storyboard in Resources */,
			);
			runOnlyForDeploymentPostprocessing = 0;
		};
/* End PBXResourcesBuildPhase section */

/* Begin PBXShellScriptBuildPhase section */
		8CEA266C615B2EB04E051721 /* [CP] Check Pods Manifest.lock */ = {
			isa = PBXShellScriptBuildPhase;
			buildActionMask = 2147483647;
			files = (
			);
			inputPaths = (
				"${PODS_PODFILE_DIR_PATH}/Podfile.lock",
				"${PODS_ROOT}/Manifest.lock",
			);
			name = "[CP] Check Pods Manifest.lock";
			outputPaths = (
				"$(DERIVED_FILE_DIR)/Pods-ShareDemo-checkManifestLockResult.txt",
			);
			runOnlyForDeploymentPostprocessing = 0;
			shellPath = /bin/sh;
			shellScript = "diff \"${PODS_PODFILE_DIR_PATH}/Podfile.lock\" \"${PODS_ROOT}/Manifest.lock\" > /dev/null\nif [ $? != 0 ] ; then\n    # print error to STDERR\n    echo \"error: The sandbox is not in sync with the Podfile.lock. Run 'pod install' or update your CocoaPods installation.\" >&2\n    exit 1\nfi\n# This output is used by Xcode 'outputs' to avoid re-running this script phase.\necho \"SUCCESS\" > \"${SCRIPT_OUTPUT_FILE_0}\"\n";
			showEnvVarsInLog = 0;
		};
/* End PBXShellScriptBuildPhase section */

/* Begin PBXSourcesBuildPhase section */
		9B3F3D2120C7CFD7003DB008 /* Sources */ = {
			isa = PBXSourcesBuildPhase;
			buildActionMask = 2147483647;
			files = (
				9B3F3D2B20C7CFD7003DB008 /* ViewController.swift in Sources */,
				9B3F3D4F20C7E369003DB008 /* YLBShareManager.swift in Sources */,
				9B3F3D2920C7CFD7003DB008 /* AppDelegate.swift in Sources */,
				9B3F3D4E20C7E369003DB008 /* YLBShareInterface.swift in Sources */,
			);
			runOnlyForDeploymentPostprocessing = 0;
		};
/* End PBXSourcesBuildPhase section */

/* Begin PBXVariantGroup section */
		9B3F3D2C20C7CFD7003DB008 /* Main.storyboard */ = {
			isa = PBXVariantGroup;
			children = (
				9B3F3D2D20C7CFD7003DB008 /* Base */,
			);
			name = Main.storyboard;
			sourceTree = "<group>";
		};
		9B3F3D3120C7CFD8003DB008 /* LaunchScreen.storyboard */ = {
			isa = PBXVariantGroup;
			children = (
				9B3F3D3220C7CFD8003DB008 /* Base */,
			);
			name = LaunchScreen.storyboard;
			sourceTree = "<group>";
		};
/* End PBXVariantGroup section */

/* Begin XCBuildConfiguration section */
		9B3F3D3520C7CFD8003DB008 /* Debug */ = {
			isa = XCBuildConfiguration;
			buildSettings = {
				ALWAYS_SEARCH_USER_PATHS = NO;
				CLANG_ANALYZER_NONNULL = YES;
				CLANG_ANALYZER_NUMBER_OBJECT_CONVERSION = YES_AGGRESSIVE;
				CLANG_CXX_LANGUAGE_STANDARD = "gnu++14";
				CLANG_CXX_LIBRARY = "libc++";
				CLANG_ENABLE_MODULES = YES;
				CLANG_ENABLE_OBJC_ARC = YES;
				CLANG_ENABLE_OBJC_WEAK = YES;
				CLANG_WARN_BLOCK_CAPTURE_AUTORELEASING = YES;
				CLANG_WARN_BOOL_CONVERSION = YES;
				CLANG_WARN_COMMA = YES;
				CLANG_WARN_CONSTANT_CONVERSION = YES;
				CLANG_WARN_DEPRECATED_OBJC_IMPLEMENTATIONS = YES;
				CLANG_WARN_DIRECT_OBJC_ISA_USAGE = YES_ERROR;
				CLANG_WARN_DOCUMENTATION_COMMENTS = YES;
				CLANG_WARN_EMPTY_BODY = YES;
				CLANG_WARN_ENUM_CONVERSION = YES;
				CLANG_WARN_INFINITE_RECURSION = YES;
				CLANG_WARN_INT_CONVERSION = YES;
				CLANG_WARN_NON_LITERAL_NULL_CONVERSION = YES;
				CLANG_WARN_OBJC_IMPLICIT_RETAIN_SELF = YES;
				CLANG_WARN_OBJC_LITERAL_CONVERSION = YES;
				CLANG_WARN_OBJC_ROOT_CLASS = YES_ERROR;
				CLANG_WARN_RANGE_LOOP_ANALYSIS = YES;
				CLANG_WARN_STRICT_PROTOTYPES = YES;
				CLANG_WARN_SUSPICIOUS_MOVE = YES;
				CLANG_WARN_UNGUARDED_AVAILABILITY = YES_AGGRESSIVE;
				CLANG_WARN_UNREACHABLE_CODE = YES;
				CLANG_WARN__DUPLICATE_METHOD_MATCH = YES;
				CODE_SIGN_IDENTITY = "iPhone Developer";
				COPY_PHASE_STRIP = NO;
				DEBUG_INFORMATION_FORMAT = dwarf;
				ENABLE_STRICT_OBJC_MSGSEND = YES;
				ENABLE_TESTABILITY = YES;
				GCC_C_LANGUAGE_STANDARD = gnu11;
				GCC_DYNAMIC_NO_PIC = NO;
				GCC_NO_COMMON_BLOCKS = YES;
				GCC_OPTIMIZATION_LEVEL = 0;
				GCC_PREPROCESSOR_DEFINITIONS = (
					"DEBUG=1",
					"$(inherited)",
				);
				GCC_WARN_64_TO_32_BIT_CONVERSION = YES;
				GCC_WARN_ABOUT_RETURN_TYPE = YES_ERROR;
				GCC_WARN_UNDECLARED_SELECTOR = YES;
				GCC_WARN_UNINITIALIZED_AUTOS = YES_AGGRESSIVE;
				GCC_WARN_UNUSED_FUNCTION = YES;
				GCC_WARN_UNUSED_VARIABLE = YES;
				IPHONEOS_DEPLOYMENT_TARGET = 11.3;
				MTL_ENABLE_DEBUG_INFO = YES;
				ONLY_ACTIVE_ARCH = YES;
				SDKROOT = iphoneos;
				SWIFT_ACTIVE_COMPILATION_CONDITIONS = DEBUG;
				SWIFT_OPTIMIZATION_LEVEL = "-Onone";
			};
			name = Debug;
		};
		9B3F3D3620C7CFD8003DB008 /* Release */ = {
			isa = XCBuildConfiguration;
			buildSettings = {
				ALWAYS_SEARCH_USER_PATHS = NO;
				CLANG_ANALYZER_NONNULL = YES;
				CLANG_ANALYZER_NUMBER_OBJECT_CONVERSION = YES_AGGRESSIVE;
				CLANG_CXX_LANGUAGE_STANDARD = "gnu++14";
				CLANG_CXX_LIBRARY = "libc++";
				CLANG_ENABLE_MODULES = YES;
				CLANG_ENABLE_OBJC_ARC = YES;
				CLANG_ENABLE_OBJC_WEAK = YES;
				CLANG_WARN_BLOCK_CAPTURE_AUTORELEASING = YES;
				CLANG_WARN_BOOL_CONVERSION = YES;
				CLANG_WARN_COMMA = YES;
				CLANG_WARN_CONSTANT_CONVERSION = YES;
				CLANG_WARN_DEPRECATED_OBJC_IMPLEMENTATIONS = YES;
				CLANG_WARN_DIRECT_OBJC_ISA_USAGE = YES_ERROR;
				CLANG_WARN_DOCUMENTATION_COMMENTS = YES;
				CLANG_WARN_EMPTY_BODY = YES;
				CLANG_WARN_ENUM_CONVERSION = YES;
				CLANG_WARN_INFINITE_RECURSION = YES;
				CLANG_WARN_INT_CONVERSION = YES;
				CLANG_WARN_NON_LITERAL_NULL_CONVERSION = YES;
				CLANG_WARN_OBJC_IMPLICIT_RETAIN_SELF = YES;
				CLANG_WARN_OBJC_LITERAL_CONVERSION = YES;
				CLANG_WARN_OBJC_ROOT_CLASS = YES_ERROR;
				CLANG_WARN_RANGE_LOOP_ANALYSIS = YES;
				CLANG_WARN_STRICT_PROTOTYPES = YES;
				CLANG_WARN_SUSPICIOUS_MOVE = YES;
				CLANG_WARN_UNGUARDED_AVAILABILITY = YES_AGGRESSIVE;
				CLANG_WARN_UNREACHABLE_CODE = YES;
				CLANG_WARN__DUPLICATE_METHOD_MATCH = YES;
				CODE_SIGN_IDENTITY = "iPhone Developer";
				COPY_PHASE_STRIP = NO;
				DEBUG_INFORMATION_FORMAT = "dwarf-with-dsym";
				ENABLE_NS_ASSERTIONS = NO;
				ENABLE_STRICT_OBJC_MSGSEND = YES;
				GCC_C_LANGUAGE_STANDARD = gnu11;
				GCC_NO_COMMON_BLOCKS = YES;
				GCC_WARN_64_TO_32_BIT_CONVERSION = YES;
				GCC_WARN_ABOUT_RETURN_TYPE = YES_ERROR;
				GCC_WARN_UNDECLARED_SELECTOR = YES;
				GCC_WARN_UNINITIALIZED_AUTOS = YES_AGGRESSIVE;
				GCC_WARN_UNUSED_FUNCTION = YES;
				GCC_WARN_UNUSED_VARIABLE = YES;
				IPHONEOS_DEPLOYMENT_TARGET = 11.3;
				MTL_ENABLE_DEBUG_INFO = NO;
				SDKROOT = iphoneos;
				SWIFT_COMPILATION_MODE = wholemodule;
				SWIFT_OPTIMIZATION_LEVEL = "-O";
				VALIDATE_PRODUCT = YES;
			};
			name = Release;
		};
		9B3F3D3820C7CFD8003DB008 /* Debug */ = {
			isa = XCBuildConfiguration;
			baseConfigurationReference = BBB1FE74577A775C9A8C2D74 /* Pods-ShareDemo.debug.xcconfig */;
			buildSettings = {
				ASSETCATALOG_COMPILER_APPICON_NAME = AppIcon;
				CODE_SIGN_IDENTITY = "iPhone Developer: huang shiguang (P4M8L4H7K2)";
				CODE_SIGN_STYLE = Manual;
				DEVELOPMENT_TEAM = "";
				ENABLE_BITCODE = NO;
				FRAMEWORK_SEARCH_PATHS = (
					"$(inherited)",
					"$(PROJECT_DIR)/ShareDemo/LoanSDK",
				);
				INFOPLIST_FILE = ShareDemo/Info.plist;
				IPHONEOS_DEPLOYMENT_TARGET = 9.0;
				LD_RUNPATH_SEARCH_PATHS = "$(inherited) @executable_path/Frameworks";
				PRODUCT_BUNDLE_IDENTIFIER = cn.com.PersonalCenter;
				PRODUCT_NAME = "$(TARGET_NAME)";
				PROVISIONING_PROFILE_SPECIFIER = devPersonalCenter;
				SWIFT_OBJC_BRIDGING_HEADER = "ShareDemo/ShareDemo-Bridging-Header.h";
				SWIFT_VERSION = 4.0;
				TARGETED_DEVICE_FAMILY = "1,2";
			};
			name = Debug;
		};
		9B3F3D3920C7CFD8003DB008 /* Release */ = {
			isa = XCBuildConfiguration;
			baseConfigurationReference = 75C8976B5508325C04FDC97F /* Pods-ShareDemo.release.xcconfig */;
			buildSettings = {
				ASSETCATALOG_COMPILER_APPICON_NAME = AppIcon;
				CODE_SIGN_IDENTITY = "iPhone Developer: huang shiguang (P4M8L4H7K2)";
				CODE_SIGN_STYLE = Manual;
				DEVELOPMENT_TEAM = "";
				ENABLE_BITCODE = NO;
				FRAMEWORK_SEARCH_PATHS = (
					"$(inherited)",
					"$(PROJECT_DIR)/ShareDemo/LoanSDK",
				);
				INFOPLIST_FILE = ShareDemo/Info.plist;
				IPHONEOS_DEPLOYMENT_TARGET = 9.0;
				LD_RUNPATH_SEARCH_PATHS = "$(inherited) @executable_path/Frameworks";
				PRODUCT_BUNDLE_IDENTIFIER = cn.com.PersonalCenter;
				PRODUCT_NAME = "$(TARGET_NAME)";
				PROVISIONING_PROFILE_SPECIFIER = devPersonalCenter;
				SWIFT_OBJC_BRIDGING_HEADER = "ShareDemo/ShareDemo-Bridging-Header.h";
				SWIFT_VERSION = 4.0;
				TARGETED_DEVICE_FAMILY = "1,2";
			};
			name = Release;
		};
/* End XCBuildConfiguration section */

/* Begin XCConfigurationList section */
		9B3F3D2020C7CFD7003DB008 /* Build configuration list for PBXProject "ShareDemo" */ = {
			isa = XCConfigurationList;
			buildConfigurations = (
				9B3F3D3520C7CFD8003DB008 /* Debug */,
				9B3F3D3620C7CFD8003DB008 /* Release */,
			);
			defaultConfigurationIsVisible = 0;
			defaultConfigurationName = Release;
		};
		9B3F3D3720C7CFD8003DB008 /* Build configuration list for PBXNativeTarget "ShareDemo" */ = {
			isa = XCConfigurationList;
			buildConfigurations = (
				9B3F3D3820C7CFD8003DB008 /* Debug */,
				9B3F3D3920C7CFD8003DB008 /* Release */,
			);
			defaultConfigurationIsVisible = 0;
			defaultConfigurationName = Release;
		};
/* End XCConfigurationList section */
	};
	rootObject = 9B3F3D1D20C7CFD7003DB008 /* Project object */;
}
